
Microsoft Visual Studio Solution File, Format Version 12.00
# Visual Studio 14
VisualStudioVersion = 14.0.22310.1
MinimumVisualStudioVersion = 10.0.40219.1
Project("{2150E333-8FDC-42A3-9474-1A3956D46DE8}") = "Engine", "Engine", "{5A5BF83E-E113-42B1-875F-2262C1E0AB71}"
EndProject
Project("{2150E333-8FDC-42A3-9474-1A3956D46DE8}") = "Games", "Games", "{C01EC9D5-34ED-4E2A-AF0D-D2C4CC88631D}"
EndProject
Project("{8BC9CEB8-8B4A-11D0-8D11-00A0C91BC942}") = "UE4", "Intermediate\ProjectFiles\UE4.vcxproj", "{A43A395C-1F55-417E-97E9-D061837973DB}"
EndProject
Project("{8BC9CEB8-8B4A-11D0-8D11-00A0C91BC942}") = "BuildingEscape", "Intermediate\ProjectFiles\BuildingEscape.vcxproj", "{B95DCB60-9029-4A55-BB00-C9B77549D31B}"
EndProject
Global
	GlobalSection(SolutionConfigurationPlatforms) = preSolution
		DebugGame Editor|HTML5 = DebugGame Editor|HTML5
		DebugGame Editor|IOS = DebugGame Editor|IOS
		DebugGame Editor|Win32 = DebugGame Editor|Win32
		DebugGame Editor|Win64 = DebugGame Editor|Win64
		DebugGame|HTML5 = DebugGame|HTML5
		DebugGame|IOS = DebugGame|IOS
		DebugGame|Win32 = DebugGame|Win32
		DebugGame|Win64 = DebugGame|Win64
		Development Editor|HTML5 = Development Editor|HTML5
		Development Editor|IOS = Development Editor|IOS
		Development Editor|Win32 = Development Editor|Win32
		Development Editor|Win64 = Development Editor|Win64
		Development|HTML5 = Development|HTML5
		Development|IOS = Development|IOS
		Development|Win32 = Development|Win32
		Development|Win64 = Development|Win64
		Shipping|HTML5 = Shipping|HTML5
		Shipping|IOS = Shipping|IOS
		Shipping|Win32 = Shipping|Win32
		Shipping|Win64 = Shipping|Win64
	EndGlobalSection
	GlobalSection(ProjectConfigurationPlatforms) = postSolution
		{B95DCB60-9029-4A55-BB00-C9B77549D31B}.DebugGame Editor|HTML5.ActiveCfg = HTML5_DebugGame_Editor|Win32
		{B95DCB60-9029-4A55-BB00-C9B77549D31B}.DebugGame Editor|IOS.ActiveCfg = IOS_DebugGame_Editor|Win32
		{B95DCB60-9029-4A55-BB00-C9B77549D31B}.DebugGame Editor|Win32.ActiveCfg = DebugGame_Editor|Win32
		{B95DCB60-9029-4A55-BB00-C9B77549D31B}.DebugGame Editor|Win64.ActiveCfg = DebugGame_Editor|x64
		{B95DCB60-9029-4A55-BB00-C9B77549D31B}.DebugGame Editor|Win64.Build.0 = DebugGame_Editor|x64
		{B95DCB60-9029-4A55-BB00-C9B77549D31B}.DebugGame|HTML5.ActiveCfg = HTML5_DebugGame_Game|Win32
		{B95DCB60-9029-4A55-BB00-C9B77549D31B}.DebugGame|HTML5.Build.0 = HTML5_DebugGame_Game|Win32
		{B95DCB60-9029-4A55-BB00-C9B77549D31B}.DebugGame|IOS.ActiveCfg = IOS_DebugGame_Game|Win32
		{B95DCB60-9029-4A55-BB00-C9B77549D31B}.DebugGame|IOS.Build.0 = IOS_DebugGame_Game|Win32
		{B95DCB60-9029-4A55-BB00-C9B77549D31B}.DebugGame|Win32.ActiveCfg = DebugGame_Game|Win32
		{B95DCB60-9029-4A55-BB00-C9B77549D31B}.DebugGame|Win32.Build.0 = DebugGame_Game|Win32
		{B95DCB60-9029-4A55-BB00-C9B77549D31B}.DebugGame|Win64.ActiveCfg = DebugGame_Game|x64
		{B95DCB60-9029-4A55-BB00-C9B77549D31B}.DebugGame|Win64.Build.0 = DebugGame_Game|x64
		{B95DCB60-9029-4A55-BB00-C9B77549D31B}.Development Editor|HTML5.ActiveCfg = HTML5_Development_Editor|Win32
		{B95DCB60-9029-4A55-BB00-C9B77549D31B}.Development Editor|IOS.ActiveCfg = IOS_Development_Editor|Win32
		{B95DCB60-9029-4A55-BB00-C9B77549D31B}.Development Editor|Win32.ActiveCfg = Development_Editor|Win32
		{B95DCB60-9029-4A55-BB00-C9B77549D31B}.Development Editor|Win64.ActiveCfg = Development_Editor|x64
		{B95DCB60-9029-4A55-BB00-C9B77549D31B}.Development Editor|Win64.Build.0 = Development_Editor|x64
		{B95DCB60-9029-4A55-BB00-C9B77549D31B}.Development|HTML5.ActiveCfg = HTML5_Development_Game|Win32
		{B95DCB60-9029-4A55-BB00-C9B77549D31B}.Development|HTML5.Build.0 = HTML5_Development_Game|Win32
		{B95DCB60-9029-4A55-BB00-C9B77549D31B}.Development|IOS.ActiveCfg = IOS_Development_Game|Win32
		{B95DCB60-9029-4A55-BB00-C9B77549D31B}.Development|IOS.Build.0 = IOS_Development_Game|Win32
		{B95DCB60-9029-4A55-BB00-C9B77549D31B}.Development|Win32.ActiveCfg = Development_Game|Win32
		{B95DCB60-9029-4A55-BB00-C9B77549D31B}.Development|Win32.Build.0 = Development_Game|Win32
		{B95DCB60-9029-4A55-BB00-C9B77549D31B}.Development|Win64.ActiveCfg = Development_Game|x64
		{B95DCB60-9029-4A55-BB00-C9B77549D31B}.Development|Win64.Build.0 = Development_Game|x64
		{B95DCB60-9029-4A55-BB00-C9B77549D31B}.Shipping|HTML5.ActiveCfg = HTML5_Shipping_Game|Win32
		{B95DCB60-9029-4A55-BB00-C9B77549D31B}.Shipping|HTML5.Build.0 = HTML5_Shipping_Game|Win32
		{B95DCB60-9029-4A55-BB00-C9B77549D31B}.Shipping|IOS.ActiveCfg = IOS_Shipping_Game|Win32
		{B95DCB60-9029-4A55-BB00-C9B77549D31B}.Shipping|IOS.Build.0 = IOS_Shipping_Game|Win32
		{B95DCB60-9029-4A55-BB00-C9B77549D31B}.Shipping|Win32.ActiveCfg = Shipping_Game|Win32
		{B95DCB60-9029-4A55-BB00-C9B77549D31B}.Shipping|Win32.Build.0 = Shipping_Game|Win32
		{B95DCB60-9029-4A55-BB00-C9B77549D31B}.Shipping|Win64.ActiveCfg = Shipping_Game|x64
		{B95DCB60-9029-4A55-BB00-C9B77549D31B}.Shipping|Win64.Build.0 = Shipping_Game|x64
	EndGlobalSection
	GlobalSection(SolutionProperties) = preSolution
		HideSolutionNode = FALSE
	EndGlobalSection
	GlobalSection(NestedProjects) = preSolution
		{A43A395C-1F55-417E-97E9-D061837973DB} = {5A5BF83E-E113-42B1-875F-2262C1E0AB71}
		{B95DCB60-9029-4A55-BB00-C9B77549D31B} = {C01EC9D5-34ED-4E2A-AF0D-D2C4CC88631D}
	EndGlobalSection
EndGlobal
